
Microsoft Visual Studio Solution File, Format Version 12.00
# Visual Studio Version 16
VisualStudioVersion = 16.0.30621.155
MinimumVisualStudioVersion = 10.0.40219.1
Project("{FAE04EC0-301F-11D3-BF4B-00C04F79EFBC}") = "WebApplicationCli", "WebApplicationCli.csproj", "{A85E8FD1-F9D2-4870-8CDA-8FF7F7768F72}"
EndProject
Global
	GlobalSection(SolutionConfigurationPlatforms) = preSolution
		Debug|Any CPU = Debug|Any CPU
		Release|Any CPU = Release|Any CPU
	EndGlobalSection
	GlobalSection(ProjectConfigurationPlatforms) = postSolution
		{A85E8FD1-F9D2-4870-8CDA-8FF7F7768F72}.Debug|Any CPU.ActiveCfg = Debug|Any CPU
		{A85E8FD1-F9D2-4870-8CDA-8FF7F7768F72}.Debug|Any CPU.Build.0 = Debug|Any CPU
		{A85E8FD1-F9D2-4870-8CDA-8FF7F7768F72}.Release|Any CPU.ActiveCfg = Release|Any CPU
		{A85E8FD1-F9D2-4870-8CDA-8FF7F7768F72}.Release|Any CPU.Build.0 = Release|Any CPU
	EndGlobalSection
	GlobalSection(SolutionProperties) = preSolution
		HideSolutionNode = FALSE
	EndGlobalSection
	GlobalSection(ExtensibilityGlobals) = postSolution
		SolutionGuid = {D5404D97-3ED5-4758-96EE-E10AEA401BA1}
	EndGlobalSection
EndGlobal
